
Microsoft Visual Studio Solution File, Format Version 12.00
# Visual Studio Version 17
VisualStudioVersion = 17.14.36414.22 d17.14
MinimumVisualStudioVersion = 10.0.40219.1
Project("{FAE04EC0-301F-11D3-BF4B-00C04F79EFBC}") = "OcelotPrototype.WebApi", "OcelotPrototype.WebApi\OcelotPrototype.WebApi.csproj", "{7E14073E-E897-466A-8215-F4069BB2EB2D}"
EndProject
Global
	GlobalSection(SolutionConfigurationPlatforms) = preSolution
		Debug|Any CPU = Debug|Any CPU
		Release|Any CPU = Release|Any CPU
	EndGlobalSection
	GlobalSection(ProjectConfigurationPlatforms) = postSolution
		{7E14073E-E897-466A-8215-F4069BB2EB2D}.Debug|Any CPU.ActiveCfg = Debug|Any CPU
		{7E14073E-E897-466A-8215-F4069BB2EB2D}.Debug|Any CPU.Build.0 = Debug|Any CPU
		{7E14073E-E897-466A-8215-F4069BB2EB2D}.Release|Any CPU.ActiveCfg = Release|Any CPU
		{7E14073E-E897-466A-8215-F4069BB2EB2D}.Release|Any CPU.Build.0 = Release|Any CPU
	EndGlobalSection
	GlobalSection(SolutionProperties) = preSolution
		HideSolutionNode = FALSE
	EndGlobalSection
	GlobalSection(ExtensibilityGlobals) = postSolution
		SolutionGuid = {0C881BBC-B06E-4CD5-BCDC-405CF6B225E0}
	EndGlobalSection
EndGlobal
